
Microsoft Visual Studio Solution File, Format Version 10.00
# Visual Studio 2008
Project("{8BC9CEB8-8B4A-11D0-8D11-00A0C91BC942}") = "BEAGLEGarli", "BEAGLEGarli.vcproj", "{E40AF4AF-9D7C-4CA5-A6F3-758C7364EB7F}"
	ProjectSection(ProjectDependencies) = postProject
		{D984EAB8-9C35-45F0-BB6D-A59A03781171} = {D984EAB8-9C35-45F0-BB6D-A59A03781171}
	EndProjectSection
EndProject
Project("{8BC9CEB8-8B4A-11D0-8D11-00A0C91BC942}") = "ncl", "..\..\..\ncl-v2.1\vc7\ncl\ncl.vcproj", "{D984EAB8-9C35-45F0-BB6D-A59A03781171}"
EndProject
Global
	GlobalSection(SolutionConfigurationPlatforms) = preSolution
		Debug|Win32 = Debug|Win32
		OMP_Debug|Win32 = OMP_Debug|Win32
		OMP_Release|Win32 = OMP_Release|Win32
		Release|Win32 = Release|Win32
		Single Prec Debug|Win32 = Single Prec Debug|Win32
	EndGlobalSection
	GlobalSection(ProjectConfigurationPlatforms) = postSolution
		{E40AF4AF-9D7C-4CA5-A6F3-758C7364EB7F}.Debug|Win32.ActiveCfg = Debug|Win32
		{E40AF4AF-9D7C-4CA5-A6F3-758C7364EB7F}.Debug|Win32.Build.0 = Debug|Win32
		{E40AF4AF-9D7C-4CA5-A6F3-758C7364EB7F}.OMP_Debug|Win32.ActiveCfg = OMP_Debug|Win32
		{E40AF4AF-9D7C-4CA5-A6F3-758C7364EB7F}.OMP_Debug|Win32.Build.0 = OMP_Debug|Win32
		{E40AF4AF-9D7C-4CA5-A6F3-758C7364EB7F}.OMP_Release|Win32.ActiveCfg = OMP_Release|Win32
		{E40AF4AF-9D7C-4CA5-A6F3-758C7364EB7F}.OMP_Release|Win32.Build.0 = OMP_Release|Win32
		{E40AF4AF-9D7C-4CA5-A6F3-758C7364EB7F}.Release|Win32.ActiveCfg = Release|Win32
		{E40AF4AF-9D7C-4CA5-A6F3-758C7364EB7F}.Release|Win32.Build.0 = Release|Win32
		{E40AF4AF-9D7C-4CA5-A6F3-758C7364EB7F}.Single Prec Debug|Win32.ActiveCfg = Debug|Win32
		{E40AF4AF-9D7C-4CA5-A6F3-758C7364EB7F}.Single Prec Debug|Win32.Build.0 = Debug|Win32
		{D984EAB8-9C35-45F0-BB6D-A59A03781171}.Debug|Win32.ActiveCfg = Debug|Win32
		{D984EAB8-9C35-45F0-BB6D-A59A03781171}.Debug|Win32.Build.0 = Debug|Win32
		{D984EAB8-9C35-45F0-BB6D-A59A03781171}.OMP_Debug|Win32.ActiveCfg = Debug|Win32
		{D984EAB8-9C35-45F0-BB6D-A59A03781171}.OMP_Debug|Win32.Build.0 = Debug|Win32
		{D984EAB8-9C35-45F0-BB6D-A59A03781171}.OMP_Release|Win32.ActiveCfg = Release|Win32
		{D984EAB8-9C35-45F0-BB6D-A59A03781171}.OMP_Release|Win32.Build.0 = Release|Win32
		{D984EAB8-9C35-45F0-BB6D-A59A03781171}.Release|Win32.ActiveCfg = Release|Win32
		{D984EAB8-9C35-45F0-BB6D-A59A03781171}.Release|Win32.Build.0 = Release|Win32
		{D984EAB8-9C35-45F0-BB6D-A59A03781171}.Single Prec Debug|Win32.ActiveCfg = Single Prec Debug|Win32
		{D984EAB8-9C35-45F0-BB6D-A59A03781171}.Single Prec Debug|Win32.Build.0 = Single Prec Debug|Win32
	EndGlobalSection
	GlobalSection(SolutionProperties) = preSolution
		HideSolutionNode = FALSE
	EndGlobalSection
EndGlobal
