
Microsoft Visual Studio Solution File, Format Version 12.00
# Visual Studio Version 16
VisualStudioVersion = 16.0.30804.86
MinimumVisualStudioVersion = 10.0.40219.1
Project("{8BC9CEB8-8B4A-11D0-8D11-00A0C91BC942}") = "standardGarli", "standardGarli.vcxproj", "{E40AF4AF-9D7C-4CA5-A6F3-758C7364EB7F}"
EndProject
Project("{8BC9CEB8-8B4A-11D0-8D11-00A0C91BC942}") = "libncl", "..\..\..\ncl-2.0\VC6\libncl\libncl.vcproj", "{B88D3B05-C6E0-4094-9B11-7AA14A9A824B}"
EndProject
Global
	GlobalSection(SolutionConfigurationPlatforms) = preSolution
		Debug|Win32 = Debug|Win32
		OMP_Debug|Win32 = OMP_Debug|Win32
		OMP_Release|Win32 = OMP_Release|Win32
		Release|Win32 = Release|Win32
	EndGlobalSection
	GlobalSection(ProjectConfigurationPlatforms) = postSolution
		{E40AF4AF-9D7C-4CA5-A6F3-758C7364EB7F}.Debug|Win32.ActiveCfg = Debug|Win32
		{E40AF4AF-9D7C-4CA5-A6F3-758C7364EB7F}.Debug|Win32.Build.0 = Debug|Win32
		{E40AF4AF-9D7C-4CA5-A6F3-758C7364EB7F}.OMP_Debug|Win32.ActiveCfg = OMP_Debug|Win32
		{E40AF4AF-9D7C-4CA5-A6F3-758C7364EB7F}.OMP_Debug|Win32.Build.0 = OMP_Debug|Win32
		{E40AF4AF-9D7C-4CA5-A6F3-758C7364EB7F}.OMP_Release|Win32.ActiveCfg = OMP_Release|Win32
		{E40AF4AF-9D7C-4CA5-A6F3-758C7364EB7F}.OMP_Release|Win32.Build.0 = OMP_Release|Win32
		{E40AF4AF-9D7C-4CA5-A6F3-758C7364EB7F}.Release|Win32.ActiveCfg = Release|Win32
		{E40AF4AF-9D7C-4CA5-A6F3-758C7364EB7F}.Release|Win32.Build.0 = Release|Win32
		{B88D3B05-C6E0-4094-9B11-7AA14A9A824B}.Debug|Win32.ActiveCfg = Debug|Win32
		{B88D3B05-C6E0-4094-9B11-7AA14A9A824B}.Debug|Win32.Build.0 = Debug|Win32
		{B88D3B05-C6E0-4094-9B11-7AA14A9A824B}.OMP_Debug|Win32.ActiveCfg = Debug|Win32
		{B88D3B05-C6E0-4094-9B11-7AA14A9A824B}.OMP_Debug|Win32.Build.0 = Debug|Win32
		{B88D3B05-C6E0-4094-9B11-7AA14A9A824B}.OMP_Release|Win32.ActiveCfg = Release|Win32
		{B88D3B05-C6E0-4094-9B11-7AA14A9A824B}.OMP_Release|Win32.Build.0 = Release|Win32
		{B88D3B05-C6E0-4094-9B11-7AA14A9A824B}.Release|Win32.ActiveCfg = Release|Win32
		{B88D3B05-C6E0-4094-9B11-7AA14A9A824B}.Release|Win32.Build.0 = Release|Win32
	EndGlobalSection
	GlobalSection(SolutionProperties) = preSolution
		HideSolutionNode = FALSE
	EndGlobalSection
	GlobalSection(ExtensibilityGlobals) = postSolution
		SolutionGuid = {96B0A8ED-F767-4F1F-AE21-A23EBE3F6312}
	EndGlobalSection
EndGlobal
